// !$*UTF8*$!
{
	archiveVersion = 1;
	classes = {
	};
	objectVersion = 55;
	objects = {

/* Begin PBXBuildFile section */
		E5663112284E12E5009E9DC1 /* AppDelegate.swift in Sources */ = {isa = PBXBuildFile; fileRef = E5663111284E12E5009E9DC1 /* AppDelegate.swift */; };
		E5663114284E12E5009E9DC1 /* SceneDelegate.swift in Sources */ = {isa = PBXBuildFile; fileRef = E5663113284E12E5009E9DC1 /* SceneDelegate.swift */; };
		E5663116284E12E5009E9DC1 /* NewsListController.swift in Sources */ = {isa = PBXBuildFile; fileRef = E5663115284E12E5009E9DC1 /* NewsListController.swift */; };
		E566311B284E12E6009E9DC1 /* Assets.xcassets in Resources */ = {isa = PBXBuildFile; fileRef = E566311A284E12E6009E9DC1 /* Assets.xcassets */; };
		E566311E284E12E6009E9DC1 /* LaunchScreen.storyboard in Resources */ = {isa = PBXBuildFile; fileRef = E566311C284E12E6009E9DC1 /* LaunchScreen.storyboard */; };
		E5663127284E1475009E9DC1 /* Alamofire in Frameworks */ = {isa = PBXBuildFile; productRef = E5663126284E1475009E9DC1 /* Alamofire */; };
		E5663129284E147E009E9DC1 /* NewsService.swift in Sources */ = {isa = PBXBuildFile; fileRef = E5663128284E147E009E9DC1 /* NewsService.swift */; };
		E566312D284E14B8009E9DC1 /* NewsResponseModel.swift in Sources */ = {isa = PBXBuildFile; fileRef = E566312C284E14B8009E9DC1 /* NewsResponseModel.swift */; };
		E5663133284E192F009E9DC1 /* Extensions+.swift in Sources */ = {isa = PBXBuildFile; fileRef = E5663132284E192F009E9DC1 /* Extensions+.swift */; };
		E5663136284E1CEE009E9DC1 /* SnapKit in Frameworks */ = {isa = PBXBuildFile; productRef = E5663135284E1CEE009E9DC1 /* SnapKit */; };
		E5663139284E1F58009E9DC1 /* NewsListCell.swift in Sources */ = {isa = PBXBuildFile; fileRef = E5663138284E1F58009E9DC1 /* NewsListCell.swift */; };
		E566313C284E2067009E9DC1 /* Kingfisher in Frameworks */ = {isa = PBXBuildFile; productRef = E566313B284E2067009E9DC1 /* Kingfisher */; };
		E566313F284E226D009E9DC1 /* Alamofire in Frameworks */ = {isa = PBXBuildFile; productRef = E566313E284E226D009E9DC1 /* Alamofire */; };
		E5AA1A8D2851A98000CC5431 /* NewsListViewModel.swift in Sources */ = {isa = PBXBuildFile; fileRef = E5AA1A8C2851A98000CC5431 /* NewsListViewModel.swift */; };
		E5B2A02A285ED629002B8FB8 /* TabBarController.swift in Sources */ = {isa = PBXBuildFile; fileRef = E5B2A029285ED629002B8FB8 /* TabBarController.swift */; };
		E5B2A02C285ED64E002B8FB8 /* BookmarkViewController.swift in Sources */ = {isa = PBXBuildFile; fileRef = E5B2A02B285ED64E002B8FB8 /* BookmarkViewController.swift */; };
		E5B2A02E285EDF08002B8FB8 /* BookmarkViewModel.swift in Sources */ = {isa = PBXBuildFile; fileRef = E5B2A02D285EDF08002B8FB8 /* BookmarkViewModel.swift */; };
		E5B2A030285EDF69002B8FB8 /* MyNews.swift in Sources */ = {isa = PBXBuildFile; fileRef = E5B2A02F285EDF69002B8FB8 /* MyNews.swift */; };
		E5B2A032285EDFB2002B8FB8 /* MyNewsCenter.swift in Sources */ = {isa = PBXBuildFile; fileRef = E5B2A031285EDFB2002B8FB8 /* MyNewsCenter.swift */; };
		E5D187392859813A0092C4CA /* WebViewController.swift in Sources */ = {isa = PBXBuildFile; fileRef = E5D187382859813A0092C4CA /* WebViewController.swift */; };
/* End PBXBuildFile section */

/* Begin PBXFileReference section */
		E566310E284E12E5009E9DC1 /* PPAK_News.app */ = {isa = PBXFileReference; explicitFileType = wrapper.application; includeInIndex = 0; path = PPAK_News.app; sourceTree = BUILT_PRODUCTS_DIR; };
		E5663111284E12E5009E9DC1 /* AppDelegate.swift */ = {isa = PBXFileReference; lastKnownFileType = sourcecode.swift; path = AppDelegate.swift; sourceTree = "<group>"; };
		E5663113284E12E5009E9DC1 /* SceneDelegate.swift */ = {isa = PBXFileReference; lastKnownFileType = sourcecode.swift; path = SceneDelegate.swift; sourceTree = "<group>"; };
		E5663115284E12E5009E9DC1 /* NewsListController.swift */ = {isa = PBXFileReference; lastKnownFileType = sourcecode.swift; path = NewsListController.swift; sourceTree = "<group>"; };
		E566311A284E12E6009E9DC1 /* Assets.xcassets */ = {isa = PBXFileReference; lastKnownFileType = folder.assetcatalog; path = Assets.xcassets; sourceTree = "<group>"; };
		E566311D284E12E6009E9DC1 /* Base */ = {isa = PBXFileReference; lastKnownFileType = file.storyboard; name = Base; path = Base.lproj/LaunchScreen.storyboard; sourceTree = "<group>"; };
		E566311F284E12E6009E9DC1 /* Info.plist */ = {isa = PBXFileReference; lastKnownFileType = text.plist.xml; path = Info.plist; sourceTree = "<group>"; };
		E5663128284E147E009E9DC1 /* NewsService.swift */ = {isa = PBXFileReference; lastKnownFileType = sourcecode.swift; path = NewsService.swift; sourceTree = "<group>"; };
		E566312C284E14B8009E9DC1 /* NewsResponseModel.swift */ = {isa = PBXFileReference; lastKnownFileType = sourcecode.swift; path = NewsResponseModel.swift; sourceTree = "<group>"; };
		E5663132284E192F009E9DC1 /* Extensions+.swift */ = {isa = PBXFileReference; lastKnownFileType = sourcecode.swift; path = "Extensions+.swift"; sourceTree = "<group>"; };
		E5663138284E1F58009E9DC1 /* NewsListCell.swift */ = {isa = PBXFileReference; lastKnownFileType = sourcecode.swift; path = NewsListCell.swift; sourceTree = "<group>"; };
		E5AA1A8C2851A98000CC5431 /* NewsListViewModel.swift */ = {isa = PBXFileReference; lastKnownFileType = sourcecode.swift; path = NewsListViewModel.swift; sourceTree = "<group>"; };
		E5B2A029285ED629002B8FB8 /* TabBarController.swift */ = {isa = PBXFileReference; lastKnownFileType = sourcecode.swift; path = TabBarController.swift; sourceTree = "<group>"; };
		E5B2A02B285ED64E002B8FB8 /* BookmarkViewController.swift */ = {isa = PBXFileReference; lastKnownFileType = sourcecode.swift; path = BookmarkViewController.swift; sourceTree = "<group>"; };
		E5B2A02D285EDF08002B8FB8 /* BookmarkViewModel.swift */ = {isa = PBXFileReference; lastKnownFileType = sourcecode.swift; path = BookmarkViewModel.swift; sourceTree = "<group>"; };
		E5B2A02F285EDF69002B8FB8 /* MyNews.swift */ = {isa = PBXFileReference; lastKnownFileType = sourcecode.swift; path = MyNews.swift; sourceTree = "<group>"; };
		E5B2A031285EDFB2002B8FB8 /* MyNewsCenter.swift */ = {isa = PBXFileReference; lastKnownFileType = sourcecode.swift; path = MyNewsCenter.swift; sourceTree = "<group>"; };
		E5D187382859813A0092C4CA /* WebViewController.swift */ = {isa = PBXFileReference; lastKnownFileType = sourcecode.swift; path = WebViewController.swift; sourceTree = "<group>"; };
/* End PBXFileReference section */

/* Begin PBXFrameworksBuildPhase section */
		E566310B284E12E5009E9DC1 /* Frameworks */ = {
			isa = PBXFrameworksBuildPhase;
			buildActionMask = 2147483647;
			files = (
				E566313C284E2067009E9DC1 /* Kingfisher in Frameworks */,
				E566313F284E226D009E9DC1 /* Alamofire in Frameworks */,
				E5663127284E1475009E9DC1 /* Alamofire in Frameworks */,
				E5663136284E1CEE009E9DC1 /* SnapKit in Frameworks */,
			);
			runOnlyForDeploymentPostprocessing = 0;
		};
/* End PBXFrameworksBuildPhase section */

/* Begin PBXGroup section */
		E5663105284E12E5009E9DC1 = {
			isa = PBXGroup;
			children = (
				E5663110284E12E5009E9DC1 /* PPAK_News */,
				E566310F284E12E5009E9DC1 /* Products */,
			);
			sourceTree = "<group>";
		};
		E566310F284E12E5009E9DC1 /* Products */ = {
			isa = PBXGroup;
			children = (
				E566310E284E12E5009E9DC1 /* PPAK_News.app */,
			);
			name = Products;
			sourceTree = "<group>";
		};
		E5663110284E12E5009E9DC1 /* PPAK_News */ = {
			isa = PBXGroup;
			children = (
				E5663113284E12E5009E9DC1 /* SceneDelegate.swift */,
				E5663111284E12E5009E9DC1 /* AppDelegate.swift */,
				E5B2A031285EDFB2002B8FB8 /* MyNewsCenter.swift */,
				E5AA1A8B2851A97000CC5431 /* ViewModels */,
				E566312E284E14EB009E9DC1 /* Models */,
				E566312F284E14EF009E9DC1 /* Services */,
				E5663130284E14F3009E9DC1 /* Controllers */,
				E5663137284E1F4E009E9DC1 /* Cells */,
				E5663131284E1920009E9DC1 /* Utilities */,
				E566311A284E12E6009E9DC1 /* Assets.xcassets */,
				E566311C284E12E6009E9DC1 /* LaunchScreen.storyboard */,
				E566311F284E12E6009E9DC1 /* Info.plist */,
			);
			path = PPAK_News;
			sourceTree = "<group>";
		};
		E566312E284E14EB009E9DC1 /* Models */ = {
			isa = PBXGroup;
			children = (
				E566312C284E14B8009E9DC1 /* NewsResponseModel.swift */,
				E5B2A02F285EDF69002B8FB8 /* MyNews.swift */,
			);
			path = Models;
			sourceTree = "<group>";
		};
		E566312F284E14EF009E9DC1 /* Services */ = {
			isa = PBXGroup;
			children = (
				E5663128284E147E009E9DC1 /* NewsService.swift */,
			);
			path = Services;
			sourceTree = "<group>";
		};
		E5663130284E14F3009E9DC1 /* Controllers */ = {
			isa = PBXGroup;
			children = (
				E5663115284E12E5009E9DC1 /* NewsListController.swift */,
				E5D187382859813A0092C4CA /* WebViewController.swift */,
				E5B2A02B285ED64E002B8FB8 /* BookmarkViewController.swift */,
				E5B2A029285ED629002B8FB8 /* TabBarController.swift */,
			);
			path = Controllers;
			sourceTree = "<group>";
		};
		E5663131284E1920009E9DC1 /* Utilities */ = {
			isa = PBXGroup;
			children = (
				E5663132284E192F009E9DC1 /* Extensions+.swift */,
			);
			path = Utilities;
			sourceTree = "<group>";
		};
		E5663137284E1F4E009E9DC1 /* Cells */ = {
			isa = PBXGroup;
			children = (
				E5663138284E1F58009E9DC1 /* NewsListCell.swift */,
			);
			path = Cells;
			sourceTree = "<group>";
		};
		E5AA1A8B2851A97000CC5431 /* ViewModels */ = {
			isa = PBXGroup;
			children = (
				E5AA1A8C2851A98000CC5431 /* NewsListViewModel.swift */,
				E5B2A02D285EDF08002B8FB8 /* BookmarkViewModel.swift */,
			);
			path = ViewModels;
			sourceTree = "<group>";
		};
/* End PBXGroup section */

/* Begin PBXNativeTarget section */
		E566310D284E12E5009E9DC1 /* PPAK_News */ = {
			isa = PBXNativeTarget;
			buildConfigurationList = E5663122284E12E6009E9DC1 /* Build configuration list for PBXNativeTarget "PPAK_News" */;
			buildPhases = (
				E566310A284E12E5009E9DC1 /* Sources */,
				E566310B284E12E5009E9DC1 /* Frameworks */,
				E566310C284E12E5009E9DC1 /* Resources */,
			);
			buildRules = (
			);
			dependencies = (
			);
			name = PPAK_News;
			packageProductDependencies = (
				E5663126284E1475009E9DC1 /* Alamofire */,
				E5663135284E1CEE009E9DC1 /* SnapKit */,
				E566313B284E2067009E9DC1 /* Kingfisher */,
				E566313E284E226D009E9DC1 /* Alamofire */,
			);
			productName = PPAK_News;
			productReference = E566310E284E12E5009E9DC1 /* PPAK_News.app */;
			productType = "com.apple.product-type.application";
		};
/* End PBXNativeTarget section */

/* Begin PBXProject section */
		E5663106284E12E5009E9DC1 /* Project object */ = {
			isa = PBXProject;
			attributes = {
				BuildIndependentTargetsInParallel = 1;
				LastSwiftUpdateCheck = 1340;
				LastUpgradeCheck = 1340;
				TargetAttributes = {
					E566310D284E12E5009E9DC1 = {
						CreatedOnToolsVersion = 13.4;
					};
				};
			};
			buildConfigurationList = E5663109284E12E5009E9DC1 /* Build configuration list for PBXProject "PPAK_News" */;
			compatibilityVersion = "Xcode 13.0";
			developmentRegion = en;
			hasScannedForEncodings = 0;
			knownRegions = (
				en,
				Base,
			);
			mainGroup = E5663105284E12E5009E9DC1;
			packageReferences = (
				E5663125284E1475009E9DC1 /* XCRemoteSwiftPackageReference "Alamofire" */,
				E5663134284E1CEE009E9DC1 /* XCRemoteSwiftPackageReference "SnapKit" */,
				E566313A284E2067009E9DC1 /* XCRemoteSwiftPackageReference "Kingfisher" */,
				E566313D284E226D009E9DC1 /* XCRemoteSwiftPackageReference "Alamofire" */,
			);
			productRefGroup = E566310F284E12E5009E9DC1 /* Products */;
			projectDirPath = "";
			projectRoot = "";
			targets = (
				E566310D284E12E5009E9DC1 /* PPAK_News */,
			);
		};
/* End PBXProject section */

/* Begin PBXResourcesBuildPhase section */
		E566310C284E12E5009E9DC1 /* Resources */ = {
			isa = PBXResourcesBuildPhase;
			buildActionMask = 2147483647;
			files = (
				E566311E284E12E6009E9DC1 /* LaunchScreen.storyboard in Resources */,
				E566311B284E12E6009E9DC1 /* Assets.xcassets in Resources */,
			);
			runOnlyForDeploymentPostprocessing = 0;
		};
/* End PBXResourcesBuildPhase section */

/* Begin PBXSourcesBuildPhase section */
		E566310A284E12E5009E9DC1 /* Sources */ = {
			isa = PBXSourcesBuildPhase;
			buildActionMask = 2147483647;
			files = (
				E5B2A02E285EDF08002B8FB8 /* BookmarkViewModel.swift in Sources */,
				E5B2A02C285ED64E002B8FB8 /* BookmarkViewController.swift in Sources */,
				E5663116284E12E5009E9DC1 /* NewsListController.swift in Sources */,
				E5B2A032285EDFB2002B8FB8 /* MyNewsCenter.swift in Sources */,
				E5D187392859813A0092C4CA /* WebViewController.swift in Sources */,
				E5663129284E147E009E9DC1 /* NewsService.swift in Sources */,
				E5B2A02A285ED629002B8FB8 /* TabBarController.swift in Sources */,
				E5663112284E12E5009E9DC1 /* AppDelegate.swift in Sources */,
				E5B2A030285EDF69002B8FB8 /* MyNews.swift in Sources */,
				E5663139284E1F58009E9DC1 /* NewsListCell.swift in Sources */,
				E5663133284E192F009E9DC1 /* Extensions+.swift in Sources */,
				E566312D284E14B8009E9DC1 /* NewsResponseModel.swift in Sources */,
				E5663114284E12E5009E9DC1 /* SceneDelegate.swift in Sources */,
				E5AA1A8D2851A98000CC5431 /* NewsListViewModel.swift in Sources */,
			);
			runOnlyForDeploymentPostprocessing = 0;
		};
/* End PBXSourcesBuildPhase section */

/* Begin PBXVariantGroup section */
		E566311C284E12E6009E9DC1 /* LaunchScreen.storyboard */ = {
			isa = PBXVariantGroup;
			children = (
				E566311D284E12E6009E9DC1 /* Base */,
			);
			name = LaunchScreen.storyboard;
			sourceTree = "<group>";
		};
/* End PBXVariantGroup section */

/* Begin XCBuildConfiguration section */
		E5663120284E12E6009E9DC1 /* Debug */ = {
			isa = XCBuildConfiguration;
			buildSettings = {
				ALWAYS_SEARCH_USER_PATHS = NO;
				CLANG_ANALYZER_NONNULL = YES;
				CLANG_ANALYZER_NUMBER_OBJECT_CONVERSION = YES_AGGRESSIVE;
				CLANG_CXX_LANGUAGE_STANDARD = "gnu++17";
				CLANG_ENABLE_MODULES = YES;
				CLANG_ENABLE_OBJC_ARC = YES;
				CLANG_ENABLE_OBJC_WEAK = YES;
				CLANG_WARN_BLOCK_CAPTURE_AUTORELEASING = YES;
				CLANG_WARN_BOOL_CONVERSION = YES;
				CLANG_WARN_COMMA = YES;
				CLANG_WARN_CONSTANT_CONVERSION = YES;
				CLANG_WARN_DEPRECATED_OBJC_IMPLEMENTATIONS = YES;
				CLANG_WARN_DIRECT_OBJC_ISA_USAGE = YES_ERROR;
				CLANG_WARN_DOCUMENTATION_COMMENTS = YES;
				CLANG_WARN_EMPTY_BODY = YES;
				CLANG_WARN_ENUM_CONVERSION = YES;
				CLANG_WARN_INFINITE_RECURSION = YES;
				CLANG_WARN_INT_CONVERSION = YES;
				CLANG_WARN_NON_LITERAL_NULL_CONVERSION = YES;
				CLANG_WARN_OBJC_IMPLICIT_RETAIN_SELF = YES;
				CLANG_WARN_OBJC_LITERAL_CONVERSION = YES;
				CLANG_WARN_OBJC_ROOT_CLASS = YES_ERROR;
				CLANG_WARN_QUOTED_INCLUDE_IN_FRAMEWORK_HEADER = YES;
				CLANG_WARN_RANGE_LOOP_ANALYSIS = YES;
				CLANG_WARN_STRICT_PROTOTYPES = YES;
				CLANG_WARN_SUSPICIOUS_MOVE = YES;
				CLANG_WARN_UNGUARDED_AVAILABILITY = YES_AGGRESSIVE;
				CLANG_WARN_UNREACHABLE_CODE = YES;
				CLANG_WARN__DUPLICATE_METHOD_MATCH = YES;
				COPY_PHASE_STRIP = NO;
				DEBUG_INFORMATION_FORMAT = dwarf;
				ENABLE_STRICT_OBJC_MSGSEND = YES;
				ENABLE_TESTABILITY = YES;
				GCC_C_LANGUAGE_STANDARD = gnu11;
				GCC_DYNAMIC_NO_PIC = NO;
				GCC_NO_COMMON_BLOCKS = YES;
				GCC_OPTIMIZATION_LEVEL = 0;
				GCC_PREPROCESSOR_DEFINITIONS = (
					"DEBUG=1",
					"$(inherited)",
				);
				GCC_WARN_64_TO_32_BIT_CONVERSION = YES;
				GCC_WARN_ABOUT_RETURN_TYPE = YES_ERROR;
				GCC_WARN_UNDECLARED_SELECTOR = YES;
				GCC_WARN_UNINITIALIZED_AUTOS = YES_AGGRESSIVE;
				GCC_WARN_UNUSED_FUNCTION = YES;
				GCC_WARN_UNUSED_VARIABLE = YES;
				IPHONEOS_DEPLOYMENT_TARGET = 15.5;
				MTL_ENABLE_DEBUG_INFO = INCLUDE_SOURCE;
				MTL_FAST_MATH = YES;
				ONLY_ACTIVE_ARCH = YES;
				SDKROOT = iphoneos;
				SWIFT_ACTIVE_COMPILATION_CONDITIONS = DEBUG;
				SWIFT_OPTIMIZATION_LEVEL = "-Onone";
			};
			name = Debug;
		};
		E5663121284E12E6009E9DC1 /* Release */ = {
			isa = XCBuildConfiguration;
			buildSettings = {
				ALWAYS_SEARCH_USER_PATHS = NO;
				CLANG_ANALYZER_NONNULL = YES;
				CLANG_ANALYZER_NUMBER_OBJECT_CONVERSION = YES_AGGRESSIVE;
				CLANG_CXX_LANGUAGE_STANDARD = "gnu++17";
				CLANG_ENABLE_MODULES = YES;
				CLANG_ENABLE_OBJC_ARC = YES;
				CLANG_ENABLE_OBJC_WEAK = YES;
				CLANG_WARN_BLOCK_CAPTURE_AUTORELEASING = YES;
				CLANG_WARN_BOOL_CONVERSION = YES;
				CLANG_WARN_COMMA = YES;
				CLANG_WARN_CONSTANT_CONVERSION = YES;
				CLANG_WARN_DEPRECATED_OBJC_IMPLEMENTATIONS = YES;
				CLANG_WARN_DIRECT_OBJC_ISA_USAGE = YES_ERROR;
				CLANG_WARN_DOCUMENTATION_COMMENTS = YES;
				CLANG_WARN_EMPTY_BODY = YES;
				CLANG_WARN_ENUM_CONVERSION = YES;
				CLANG_WARN_INFINITE_RECURSION = YES;
				CLANG_WARN_INT_CONVERSION = YES;
				CLANG_WARN_NON_LITERAL_NULL_CONVERSION = YES;
				CLANG_WARN_OBJC_IMPLICIT_RETAIN_SELF = YES;
				CLANG_WARN_OBJC_LITERAL_CONVERSION = YES;
				CLANG_WARN_OBJC_ROOT_CLASS = YES_ERROR;
				CLANG_WARN_QUOTED_INCLUDE_IN_FRAMEWORK_HEADER = YES;
				CLANG_WARN_RANGE_LOOP_ANALYSIS = YES;
				CLANG_WARN_STRICT_PROTOTYPES = YES;
				CLANG_WARN_SUSPICIOUS_MOVE = YES;
				CLANG_WARN_UNGUARDED_AVAILABILITY = YES_AGGRESSIVE;
				CLANG_WARN_UNREACHABLE_CODE = YES;
				CLANG_WARN__DUPLICATE_METHOD_MATCH = YES;
				COPY_PHASE_STRIP = NO;
				DEBUG_INFORMATION_FORMAT = "dwarf-with-dsym";
				ENABLE_NS_ASSERTIONS = NO;
				ENABLE_STRICT_OBJC_MSGSEND = YES;
				GCC_C_LANGUAGE_STANDARD = gnu11;
				GCC_NO_COMMON_BLOCKS = YES;
				GCC_WARN_64_TO_32_BIT_CONVERSION = YES;
				GCC_WARN_ABOUT_RETURN_TYPE = YES_ERROR;
				GCC_WARN_UNDECLARED_SELECTOR = YES;
				GCC_WARN_UNINITIALIZED_AUTOS = YES_AGGRESSIVE;
				GCC_WARN_UNUSED_FUNCTION = YES;
				GCC_WARN_UNUSED_VARIABLE = YES;
				IPHONEOS_DEPLOYMENT_TARGET = 15.5;
				MTL_ENABLE_DEBUG_INFO = NO;
				MTL_FAST_MATH = YES;
				SDKROOT = iphoneos;
				SWIFT_COMPILATION_MODE = wholemodule;
				SWIFT_OPTIMIZATION_LEVEL = "-O";
				VALIDATE_PRODUCT = YES;
			};
			name = Release;
		};
		E5663123284E12E6009E9DC1 /* Debug */ = {
			isa = XCBuildConfiguration;
			buildSettings = {
				ASSETCATALOG_COMPILER_APPICON_NAME = AppIcon;
				ASSETCATALOG_COMPILER_GLOBAL_ACCENT_COLOR_NAME = AccentColor;
				CODE_SIGN_STYLE = Automatic;
				CURRENT_PROJECT_VERSION = 1;
				DEVELOPMENT_TEAM = 95JTZ6AP78;
				GENERATE_INFOPLIST_FILE = YES;
				INFOPLIST_FILE = PPAK_News/Info.plist;
				INFOPLIST_KEY_UIApplicationSupportsIndirectInputEvents = YES;
				INFOPLIST_KEY_UILaunchStoryboardName = LaunchScreen;
				INFOPLIST_KEY_UISupportedInterfaceOrientations_iPad = "UIInterfaceOrientationPortrait UIInterfaceOrientationPortraitUpsideDown UIInterfaceOrientationLandscapeLeft UIInterfaceOrientationLandscapeRight";
				INFOPLIST_KEY_UISupportedInterfaceOrientations_iPhone = "UIInterfaceOrientationPortrait UIInterfaceOrientationLandscapeLeft UIInterfaceOrientationLandscapeRight";
				LD_RUNPATH_SEARCH_PATHS = (
					"$(inherited)",
					"@executable_path/Frameworks",
				);
				MARKETING_VERSION = 1.0;
				PRODUCT_BUNDLE_IDENTIFIER = "eungcheol.PPAK-News";
				PRODUCT_NAME = "$(TARGET_NAME)";
				SWIFT_EMIT_LOC_STRINGS = YES;
				SWIFT_VERSION = 5.0;
				TARGETED_DEVICE_FAMILY = "1,2";
			};
			name = Debug;
		};
		E5663124284E12E6009E9DC1 /* Release */ = {
			isa = XCBuildConfiguration;
			buildSettings = {
				ASSETCATALOG_COMPILER_APPICON_NAME = AppIcon;
				ASSETCATALOG_COMPILER_GLOBAL_ACCENT_COLOR_NAME = AccentColor;
				CODE_SIGN_STYLE = Automatic;
				CURRENT_PROJECT_VERSION = 1;
				DEVELOPMENT_TEAM = 95JTZ6AP78;
				GENERATE_INFOPLIST_FILE = YES;
				INFOPLIST_FILE = PPAK_News/Info.plist;
				INFOPLIST_KEY_UIApplicationSupportsIndirectInputEvents = YES;
				INFOPLIST_KEY_UILaunchStoryboardName = LaunchScreen;
				INFOPLIST_KEY_UISupportedInterfaceOrientations_iPad = "UIInterfaceOrientationPortrait UIInterfaceOrientationPortraitUpsideDown UIInterfaceOrientationLandscapeLeft UIInterfaceOrientationLandscapeRight";
				INFOPLIST_KEY_UISupportedInterfaceOrientations_iPhone = "UIInterfaceOrientationPortrait UIInterfaceOrientationLandscapeLeft UIInterfaceOrientationLandscapeRight";
				LD_RUNPATH_SEARCH_PATHS = (
					"$(inherited)",
					"@executable_path/Frameworks",
				);
				MARKETING_VERSION = 1.0;
				PRODUCT_BUNDLE_IDENTIFIER = "eungcheol.PPAK-News";
				PRODUCT_NAME = "$(TARGET_NAME)";
				SWIFT_EMIT_LOC_STRINGS = YES;
				SWIFT_VERSION = 5.0;
				TARGETED_DEVICE_FAMILY = "1,2";
			};
			name = Release;
		};
/* End XCBuildConfiguration section */

/* Begin XCConfigurationList section */
		E5663109284E12E5009E9DC1 /* Build configuration list for PBXProject "PPAK_News" */ = {
			isa = XCConfigurationList;
			buildConfigurations = (
				E5663120284E12E6009E9DC1 /* Debug */,
				E5663121284E12E6009E9DC1 /* Release */,
			);
			defaultConfigurationIsVisible = 0;
			defaultConfigurationName = Release;
		};
		E5663122284E12E6009E9DC1 /* Build configuration list for PBXNativeTarget "PPAK_News" */ = {
			isa = XCConfigurationList;
			buildConfigurations = (
				E5663123284E12E6009E9DC1 /* Debug */,
				E5663124284E12E6009E9DC1 /* Release */,
			);
			defaultConfigurationIsVisible = 0;
			defaultConfigurationName = Release;
		};
/* End XCConfigurationList section */

/* Begin XCRemoteSwiftPackageReference section */
		E5663125284E1475009E9DC1 /* XCRemoteSwiftPackageReference "Alamofire" */ = {
			isa = XCRemoteSwiftPackageReference;
			repositoryURL = "https://github.com/Alamofire/Alamofire.git";
			requirement = {
				kind = upToNextMinorVersion;
				minimumVersion = 5.6.0;
			};
		};
		E5663134284E1CEE009E9DC1 /* XCRemoteSwiftPackageReference "SnapKit" */ = {
			isa = XCRemoteSwiftPackageReference;
			repositoryURL = "https://github.com/SnapKit/SnapKit.git";
			requirement = {
				kind = upToNextMinorVersion;
				minimumVersion = 5.6.0;
			};
		};
		E566313A284E2067009E9DC1 /* XCRemoteSwiftPackageReference "Kingfisher" */ = {
			isa = XCRemoteSwiftPackageReference;
			repositoryURL = "https://github.com/onevcat/Kingfisher";
			requirement = {
				kind = upToNextMinorVersion;
				minimumVersion = 7.2.0;
			};
		};
		E566313D284E226D009E9DC1 /* XCRemoteSwiftPackageReference "Alamofire" */ = {
			isa = XCRemoteSwiftPackageReference;
			repositoryURL = "https://github.com/Alamofire/Alamofire.git";
			requirement = {
				kind = upToNextMinorVersion;
				minimumVersion = 5.6.0;
			};
		};
/* End XCRemoteSwiftPackageReference section */

/* Begin XCSwiftPackageProductDependency section */
		E5663126284E1475009E9DC1 /* Alamofire */ = {
			isa = XCSwiftPackageProductDependency;
			package = E5663125284E1475009E9DC1 /* XCRemoteSwiftPackageReference "Alamofire" */;
			productName = Alamofire;
		};
		E5663135284E1CEE009E9DC1 /* SnapKit */ = {
			isa = XCSwiftPackageProductDependency;
			package = E5663134284E1CEE009E9DC1 /* XCRemoteSwiftPackageReference "SnapKit" */;
			productName = SnapKit;
		};
		E566313B284E2067009E9DC1 /* Kingfisher */ = {
			isa = XCSwiftPackageProductDependency;
			package = E566313A284E2067009E9DC1 /* XCRemoteSwiftPackageReference "Kingfisher" */;
			productName = Kingfisher;
		};
		E566313E284E226D009E9DC1 /* Alamofire */ = {
			isa = XCSwiftPackageProductDependency;
			package = E5663125284E1475009E9DC1 /* XCRemoteSwiftPackageReference "Alamofire" */;
			productName = Alamofire;
		};
/* End XCSwiftPackageProductDependency section */
	};
	rootObject = E5663106284E12E5009E9DC1 /* Project object */;
}
